{
  "name": "make-melody",
  "version": "1.0.0",
  "lockfileVersion": 2,
  "requires": true,
  "packages": {
    "": {
      "name": "make-melody",
      "version": "1.0.0",
      "license": "ISC",
      "dependencies": {
        "abcjs": "^6.0.2"
      },
      "devDependencies": {}
    },
    "node_modules/abcjs": {
      "version": "6.0.2",
      "resolved": "https://registry.npmjs.org/abcjs/-/abcjs-6.0.2.tgz",
      "integrity": "sha512-kLKqP1PoxWuq5U634swDnthSIVkhldSgPMJVGszdQAvTOca3gycu87WtlNvnpRrX9e4QXDrqHO9hmcY7vr/UGw==",
      "funding": {
        "type": "github",
        "url": "https://github.com/sponsors/paulrosen"
      }
    }
  },
  "dependencies": {
    "abcjs": {
      "version": "6.0.2",
      "resolved": "https://registry.npmjs.org/abcjs/-/abcjs-6.0.2.tgz",
      "integrity": "sha512-kLKqP1PoxWuq5U634swDnthSIVkhldSgPMJVGszdQAvTOca3gycu87WtlNvnpRrX9e4QXDrqHO9hmcY7vr/UGw=="
    }
  }
}
